
Microsoft Visual Studio Solution File, Format Version 12.00
# Visual Studio 14
VisualStudioVersion = 14.0.25420.1
MinimumVisualStudioVersion = 10.0.40219.1
Project("{78C9907C-C22D-4F8D-B13A-49F213FF1631}") = "rustore", "rustore\rustore.rsproj", "{C129FA0E-C182-4806-90D4-C51A48FD3337}"
EndProject
Global
	GlobalSection(SolutionConfigurationPlatforms) = preSolution
		Debug|default = Debug|default
		Release|default = Release|default
	EndGlobalSection
	GlobalSection(ProjectConfigurationPlatforms) = postSolution
		{C129FA0E-C182-4806-90D4-C51A48FD3337}.Debug|default.ActiveCfg = Debug|default
		{C129FA0E-C182-4806-90D4-C51A48FD3337}.Debug|default.Build.0 = Debug|default
		{C129FA0E-C182-4806-90D4-C51A48FD3337}.Release|default.ActiveCfg = Release|default
		{C129FA0E-C182-4806-90D4-C51A48FD3337}.Release|default.Build.0 = Release|default
	EndGlobalSection
	GlobalSection(SolutionProperties) = preSolution
		HideSolutionNode = FALSE
	EndGlobalSection
EndGlobal
